{"format_version":"1.0","provider_schemas":{"registry.terraform.io/nitrikx/cloudinary":{"provider":{"version":0,"block":{"attributes":{"api_key":{"type":"string","description":"Cloudinary API key. Falls back to the CLOUDINARY_API_KEY environment variable.","description_kind":"plain","optional":true},"api_secret":{"type":"string","description":"Cloudinary API secret. Falls back to the CLOUDINARY_API_SECRET environment variable.","description_kind":"plain","optional":true,"sensitive":true},"cloud_name":{"type":"string","description":"Cloudinary cloud name. Falls back to the CLOUDINARY_CLOUD_NAME environment variable.","description_kind":"plain","optional":true},"cloudinary_url":{"type":"string","description":"Cloudinary URL in the format cloudinary://API_KEY:API_SECRET@CLOUD_NAME. Falls back to the CLOUDINARY_URL environment variable.","description_kind":"plain","optional":true,"sensitive":true}},"description":"The Cloudinary provider manages product-environment-level Cloudinary resources such as folders.","description_kind":"plain"}},"resource_schemas":{"cloudinary_folder":{"version":0,"block":{"attributes":{"external_id":{"type":"string","description":"The folder's external ID assigned by Cloudinary. Use this value in Cedar policy statements (e.g. resource.ancestor_ids.contains(\"...\")).","description_kind":"plain","computed":true},"id":{"type":"string","description":"The folder's external ID assigned by Cloudinary (same as external_id).","description_kind":"plain","computed":true},"name":{"type":"string","description":"The leaf name of the folder (the last component of the path).","description_kind":"plain","computed":true},"path":{"type":"string","description":"The full path of the folder (e.g. \"production/images\"). Segments are separated by \"/\". Must not start or end with \"/\". Forbidden characters: ? \u0026 # \\ % \u003c \u003e","description_kind":"plain","required":true}},"description":"Manages a Cloudinary folder. Folders are used to organize assets in your Cloudinary account.","description_kind":"plain"}},"cloudinary_trigger":{"version":0,"block":{"attributes":{"additive":{"type":"bool","description":"When true, this global trigger fires in addition to any per-asset notification_url. Default false.","description_kind":"plain","optional":true,"computed":true},"auth_scheme":{"type":"string","description":"Signature method for verifying incoming webhook payloads. One of: default, legacy_hmac, eddsa_v2.","description_kind":"plain","optional":true,"computed":true},"created_at":{"type":"string","description":"ISO 8601 timestamp of when the trigger was created.","description_kind":"plain","computed":true},"event_type":{"type":"string","description":"The event that fires the trigger. One of: upload, delete, rename, move, eager, explode, multi, resource_tags_changed, resource_context_changed, resource_metadata_changed, resource_display_name_changed, access_control_changed, related_assets, create_folder, delete_folder, move_or_rename_asset_folder, proof_status_changed, error, all.","description_kind":"plain","required":true},"filter":{"type":"string","description":"A JSONLogic expression (JSON-encoded) that filters which events fire this trigger. When set, filter_language is automatically sent as \"jsonlogic\". Example: \"{\\\"==\\\":[{\\\"var\\\":\\\"resource_type\\\"},\\\"image\\\"]}\"","description_kind":"plain","optional":true},"id":{"type":"string","description":"The unique identifier of the trigger assigned by Cloudinary.","description_kind":"plain","computed":true},"payload_template":{"type":"string","description":"A Mustache template object (JSON-encoded, max 16KB) that customises the notification payload. Available namespaces: event, asset, folder, eager, error, raw.","description_kind":"plain","optional":true},"product_environment_id":{"type":"string","description":"The product environment this trigger is scoped to.","description_kind":"plain","computed":true},"updated_at":{"type":"string","description":"ISO 8601 timestamp of when the trigger was last updated.","description_kind":"plain","computed":true},"uri":{"type":"string","description":"The webhook URL to which Cloudinary sends the notification payload.","description_kind":"plain","required":true},"uri_type":{"type":"string","description":"The type of the URI. Always \"webhook\".","description_kind":"plain","computed":true}},"description":"Manages a Cloudinary webhook notification trigger. Triggers fire on specific asset events and POST a payload to a configured URL. Up to 30 triggers per product environment (the console UI shows only 10).","description_kind":"plain"}}},"data_source_schemas":{"cloudinary_current_principal":{"version":0,"block":{"attributes":{"cloud_name":{"type":"string","description":"The Cloudinary cloud name the provider is configured for.","description_kind":"plain","computed":true},"principal_id":{"type":"string","description":"The unique identifier of the current principal.","description_kind":"plain","computed":true},"principal_type":{"type":"string","description":"The type of the current principal. Currently always \"apiKey\" when authenticating with a product environment API key.","description_kind":"plain","computed":true}},"description":"Returns the identity of the currently authenticated principal (the credentials used to configure the provider). Use principal_id and principal_type directly in role assignments.","description_kind":"plain"}},"cloudinary_folder":{"version":0,"block":{"attributes":{"external_id":{"type":"string","description":"The folder's external ID assigned by Cloudinary. Use this value in Cedar policy statements (e.g. resource.ancestor_ids.contains(\"...\")).","description_kind":"plain","computed":true},"id":{"type":"string","description":"The folder's external ID assigned by Cloudinary (same as external_id).","description_kind":"plain","computed":true},"name":{"type":"string","description":"The leaf name of the folder (the last component of the path).","description_kind":"plain","computed":true},"path":{"type":"string","description":"The full path of the folder to look up (e.g. \"production/images\").","description_kind":"plain","required":true}},"description":"Reads information about an existing Cloudinary folder.","description_kind":"plain"}},"cloudinary_trigger":{"version":0,"block":{"attributes":{"additive":{"type":"bool","description":"Whether the trigger fires alongside per-asset notification_url callbacks.","description_kind":"plain","computed":true},"auth_scheme":{"type":"string","description":"Signature method for verifying webhook payloads.","description_kind":"plain","computed":true},"created_at":{"type":"string","description":"ISO 8601 timestamp of when the trigger was created.","description_kind":"plain","computed":true},"event_type":{"type":"string","description":"The event that fires the trigger. Used as a lookup key together with uri when id is not set.","description_kind":"plain","optional":true,"computed":true},"filter":{"type":"string","description":"JSONLogic filter expression (JSON-encoded) if configured.","description_kind":"plain","computed":true},"id":{"type":"string","description":"The unique identifier of the trigger. When set, takes precedence over event_type + uri.","description_kind":"plain","optional":true,"computed":true},"payload_template":{"type":"string","description":"Mustache payload template (JSON-encoded) if configured.","description_kind":"plain","computed":true},"product_environment_id":{"type":"string","description":"The product environment this trigger is scoped to.","description_kind":"plain","computed":true},"updated_at":{"type":"string","description":"ISO 8601 timestamp of when the trigger was last updated.","description_kind":"plain","computed":true},"uri":{"type":"string","description":"The webhook URL. Used as a lookup key together with event_type when id is not set.","description_kind":"plain","optional":true,"computed":true},"uri_type":{"type":"string","description":"The type of the URI. Always \"webhook\".","description_kind":"plain","computed":true}},"description":"Reads information about an existing Cloudinary webhook notification trigger. Look up by id, or by the combination of event_type and uri.","description_kind":"plain"}},"cloudinary_triggers":{"version":0,"block":{"attributes":{"triggers":{"nested_type":{"attributes":{"additive":{"type":"bool","description":"Whether the trigger is additive.","description_kind":"plain","computed":true},"auth_scheme":{"type":"string","description":"Signature method.","description_kind":"plain","computed":true},"created_at":{"type":"string","description":"ISO 8601 creation timestamp.","description_kind":"plain","computed":true},"event_type":{"type":"string","description":"Event that fires the trigger.","description_kind":"plain","computed":true},"filter":{"type":"string","description":"JSONLogic filter (JSON-encoded).","description_kind":"plain","computed":true},"id":{"type":"string","description":"Trigger ID.","description_kind":"plain","computed":true},"payload_template":{"type":"string","description":"Mustache payload template (JSON-encoded).","description_kind":"plain","computed":true},"product_environment_id":{"type":"string","description":"Product environment scope.","description_kind":"plain","computed":true},"updated_at":{"type":"string","description":"ISO 8601 last-updated timestamp.","description_kind":"plain","computed":true},"uri":{"type":"string","description":"Webhook URL.","description_kind":"plain","computed":true},"uri_type":{"type":"string","description":"URI type (always webhook).","description_kind":"plain","computed":true}},"nesting_mode":"list"},"description":"List of all configured triggers.","description_kind":"plain","computed":true}},"description":"Returns all webhook notification triggers configured for the product environment.","description_kind":"plain"}}}}}}
